
Microsoft Visual Studio Solution File, Format Version 12.00
# Visual Studio Version 17
VisualStudioVersion = 17.6.33801.468
MinimumVisualStudioVersion = 10.0.40219.1
Project("{FAE04EC0-301F-11D3-BF4B-00C04F79EFBC}") = "WebApplicationWecomEpygi", "WebApplicationWecomEpygi\WebApplicationWecomEpygi.csproj", "{882C3139-2E76-4542-A3BB-4F61BB4951DB}"
EndProject
Global
	GlobalSection(SolutionConfigurationPlatforms) = preSolution
		Debug|Any CPU = Debug|Any CPU
		Release|Any CPU = Release|Any CPU
	EndGlobalSection
	GlobalSection(ProjectConfigurationPlatforms) = postSolution
		{882C3139-2E76-4542-A3BB-4F61BB4951DB}.Debug|Any CPU.ActiveCfg = Debug|Any CPU
		{882C3139-2E76-4542-A3BB-4F61BB4951DB}.Debug|Any CPU.Build.0 = Debug|Any CPU
		{882C3139-2E76-4542-A3BB-4F61BB4951DB}.Release|Any CPU.ActiveCfg = Release|Any CPU
		{882C3139-2E76-4542-A3BB-4F61BB4951DB}.Release|Any CPU.Build.0 = Release|Any CPU
	EndGlobalSection
	GlobalSection(SolutionProperties) = preSolution
		HideSolutionNode = FALSE
	EndGlobalSection
	GlobalSection(ExtensibilityGlobals) = postSolution
		SolutionGuid = {92AB4C91-AEF2-4BAF-8799-8455646966EB}
	EndGlobalSection
EndGlobal
