
Microsoft Visual Studio Solution File, Format Version 12.00
# Visual Studio Version 16
VisualStudioVersion = 16.0.30517.126
MinimumVisualStudioVersion = 10.0.40219.1
Project("{FAE04EC0-301F-11D3-BF4B-00C04F79EFBC}") = "CallDataMiCC_Danilo", "CallDataMiCC_Danilo\CallDataMiCC_Danilo.csproj", "{E174321A-5422-418B-9653-CB38F20D8444}"
EndProject
Global
	GlobalSection(SolutionConfigurationPlatforms) = preSolution
		Debug|Any CPU = Debug|Any CPU
		Release|Any CPU = Release|Any CPU
	EndGlobalSection
	GlobalSection(ProjectConfigurationPlatforms) = postSolution
		{E174321A-5422-418B-9653-CB38F20D8444}.Debug|Any CPU.ActiveCfg = Debug|Any CPU
		{E174321A-5422-418B-9653-CB38F20D8444}.Debug|Any CPU.Build.0 = Debug|Any CPU
		{E174321A-5422-418B-9653-CB38F20D8444}.Release|Any CPU.ActiveCfg = Release|Any CPU
		{E174321A-5422-418B-9653-CB38F20D8444}.Release|Any CPU.Build.0 = Release|Any CPU
	EndGlobalSection
	GlobalSection(SolutionProperties) = preSolution
		HideSolutionNode = FALSE
	EndGlobalSection
	GlobalSection(ExtensibilityGlobals) = postSolution
		SolutionGuid = {321AAF99-5300-4DA1-A3A3-66E9A6F562EA}
	EndGlobalSection
EndGlobal
